
Microsoft Visual Studio Solution File, Format Version 12.00
# Visual Studio Version 17
VisualStudioVersion = 17.13.35818.85 d17.13
MinimumVisualStudioVersion = 10.0.40219.1
Project("{FAE04EC0-301F-11D3-BF4B-00C04F79EFBC}") = "DBExamen3", "DBExamen3.csproj", "{319631D4-05BA-4693-955D-ED47510F8121}"
EndProject
Global
	GlobalSection(SolutionConfigurationPlatforms) = preSolution
		Debug|Any CPU = Debug|Any CPU
		Release|Any CPU = Release|Any CPU
	EndGlobalSection
	GlobalSection(ProjectConfigurationPlatforms) = postSolution
		{319631D4-05BA-4693-955D-ED47510F8121}.Debug|Any CPU.ActiveCfg = Debug|Any CPU
		{319631D4-05BA-4693-955D-ED47510F8121}.Debug|Any CPU.Build.0 = Debug|Any CPU
		{319631D4-05BA-4693-955D-ED47510F8121}.Release|Any CPU.ActiveCfg = Release|Any CPU
		{319631D4-05BA-4693-955D-ED47510F8121}.Release|Any CPU.Build.0 = Release|Any CPU
	EndGlobalSection
	GlobalSection(SolutionProperties) = preSolution
		HideSolutionNode = FALSE
	EndGlobalSection
	GlobalSection(ExtensibilityGlobals) = postSolution
		SolutionGuid = {8919C4E2-6713-41F0-9348-F91DFE4022DE}
	EndGlobalSection
EndGlobal
